
Microsoft Visual Studio Solution File, Format Version 12.00
# Visual Studio 15
VisualStudioVersion = 15.0.27004.2002
MinimumVisualStudioVersion = 10.0.40219.1
Project("{FAE04EC0-301F-11D3-BF4B-00C04F79EFBC}") = "Excel", "Excel\Excel.csproj", "{4302970B-CB68-4A49-9189-0D29E2224FDC}"
EndProject
Global
	GlobalSection(SolutionConfigurationPlatforms) = preSolution
		Debug|Any CPU = Debug|Any CPU
		Release|Any CPU = Release|Any CPU
	EndGlobalSection
	GlobalSection(ProjectConfigurationPlatforms) = postSolution
		{4302970B-CB68-4A49-9189-0D29E2224FDC}.Debug|Any CPU.ActiveCfg = Debug|Any CPU
		{4302970B-CB68-4A49-9189-0D29E2224FDC}.Debug|Any CPU.Build.0 = Debug|Any CPU
		{4302970B-CB68-4A49-9189-0D29E2224FDC}.Release|Any CPU.ActiveCfg = Release|Any CPU
		{4302970B-CB68-4A49-9189-0D29E2224FDC}.Release|Any CPU.Build.0 = Release|Any CPU
	EndGlobalSection
	GlobalSection(SolutionProperties) = preSolution
		HideSolutionNode = FALSE
	EndGlobalSection
	GlobalSection(ExtensibilityGlobals) = postSolution
		SolutionGuid = {C77A6C81-7E6C-4CAB-8C1D-459A6184DF14}
	EndGlobalSection
EndGlobal
